// !$*UTF8*$!
{
	archiveVersion = 1;
	classes = {
	};
	objectVersion = 55;
	objects = {

/* Begin PBXBuildFile section */
		432EACA228AA136D0030EB74 /* Tests_iOS.swift in Sources */ = {isa = PBXBuildFile; fileRef = 432EACA128AA136D0030EB74 /* Tests_iOS.swift */; };
		432EACA428AA136D0030EB74 /* Tests_iOSLaunchTests.swift in Sources */ = {isa = PBXBuildFile; fileRef = 432EACA328AA136D0030EB74 /* Tests_iOSLaunchTests.swift */; };
		432EACAE28AA136D0030EB74 /* Tests_macOS.swift in Sources */ = {isa = PBXBuildFile; fileRef = 432EACAD28AA136D0030EB74 /* Tests_macOS.swift */; };
		432EACB028AA136D0030EB74 /* Tests_macOSLaunchTests.swift in Sources */ = {isa = PBXBuildFile; fileRef = 432EACAF28AA136D0030EB74 /* Tests_macOSLaunchTests.swift */; };
		432EACB128AA136D0030EB74 /* SwiftMotionInternalApp.swift in Sources */ = {isa = PBXBuildFile; fileRef = 432EAC8928AA136C0030EB74 /* SwiftMotionInternalApp.swift */; };
		432EACB228AA136D0030EB74 /* SwiftMotionInternalApp.swift in Sources */ = {isa = PBXBuildFile; fileRef = 432EAC8928AA136C0030EB74 /* SwiftMotionInternalApp.swift */; };
		432EACB328AA136D0030EB74 /* ContentView.swift in Sources */ = {isa = PBXBuildFile; fileRef = 432EAC8A28AA136C0030EB74 /* ContentView.swift */; };
		432EACB428AA136D0030EB74 /* ContentView.swift in Sources */ = {isa = PBXBuildFile; fileRef = 432EAC8A28AA136C0030EB74 /* ContentView.swift */; };
		432EACB528AA136D0030EB74 /* Assets.xcassets in Resources */ = {isa = PBXBuildFile; fileRef = 432EAC8B28AA136C0030EB74 /* Assets.xcassets */; };
		432EACB628AA136D0030EB74 /* Assets.xcassets in Resources */ = {isa = PBXBuildFile; fileRef = 432EAC8B28AA136C0030EB74 /* Assets.xcassets */; };
/* End PBXBuildFile section */

/* Begin PBXContainerItemProxy section */
		432EAC9E28AA136D0030EB74 /* PBXContainerItemProxy */ = {
			isa = PBXContainerItemProxy;
			containerPortal = 432EAC8428AA136C0030EB74 /* Project object */;
			proxyType = 1;
			remoteGlobalIDString = 432EAC8F28AA136D0030EB74;
			remoteInfo = "SwiftMotionInternal (iOS)";
		};
		432EACAA28AA136D0030EB74 /* PBXContainerItemProxy */ = {
			isa = PBXContainerItemProxy;
			containerPortal = 432EAC8428AA136C0030EB74 /* Project object */;
			proxyType = 1;
			remoteGlobalIDString = 432EAC9528AA136D0030EB74;
			remoteInfo = "SwiftMotionInternal (macOS)";
		};
/* End PBXContainerItemProxy section */

/* Begin PBXFileReference section */
		432EAC8928AA136C0030EB74 /* SwiftMotionInternalApp.swift */ = {isa = PBXFileReference; lastKnownFileType = sourcecode.swift; path = SwiftMotionInternalApp.swift; sourceTree = "<group>"; };
		432EAC8A28AA136C0030EB74 /* ContentView.swift */ = {isa = PBXFileReference; lastKnownFileType = sourcecode.swift; path = ContentView.swift; sourceTree = "<group>"; };
		432EAC8B28AA136C0030EB74 /* Assets.xcassets */ = {isa = PBXFileReference; lastKnownFileType = folder.assetcatalog; path = Assets.xcassets; sourceTree = "<group>"; };
		432EAC9028AA136D0030EB74 /* SwiftMotionInternal.app */ = {isa = PBXFileReference; explicitFileType = wrapper.application; includeInIndex = 0; path = SwiftMotionInternal.app; sourceTree = BUILT_PRODUCTS_DIR; };
		432EAC9628AA136D0030EB74 /* SwiftMotionInternal.app */ = {isa = PBXFileReference; explicitFileType = wrapper.application; includeInIndex = 0; path = SwiftMotionInternal.app; sourceTree = BUILT_PRODUCTS_DIR; };
		432EAC9828AA136D0030EB74 /* macOS.entitlements */ = {isa = PBXFileReference; lastKnownFileType = text.plist.entitlements; path = macOS.entitlements; sourceTree = "<group>"; };
		432EAC9D28AA136D0030EB74 /* Tests iOS.xctest */ = {isa = PBXFileReference; explicitFileType = wrapper.cfbundle; includeInIndex = 0; path = "Tests iOS.xctest"; sourceTree = BUILT_PRODUCTS_DIR; };
		432EACA128AA136D0030EB74 /* Tests_iOS.swift */ = {isa = PBXFileReference; lastKnownFileType = sourcecode.swift; path = Tests_iOS.swift; sourceTree = "<group>"; };
		432EACA328AA136D0030EB74 /* Tests_iOSLaunchTests.swift */ = {isa = PBXFileReference; lastKnownFileType = sourcecode.swift; path = Tests_iOSLaunchTests.swift; sourceTree = "<group>"; };
		432EACA928AA136D0030EB74 /* Tests macOS.xctest */ = {isa = PBXFileReference; explicitFileType = wrapper.cfbundle; includeInIndex = 0; path = "Tests macOS.xctest"; sourceTree = BUILT_PRODUCTS_DIR; };
		432EACAD28AA136D0030EB74 /* Tests_macOS.swift */ = {isa = PBXFileReference; lastKnownFileType = sourcecode.swift; path = Tests_macOS.swift; sourceTree = "<group>"; };
		432EACAF28AA136D0030EB74 /* Tests_macOSLaunchTests.swift */ = {isa = PBXFileReference; lastKnownFileType = sourcecode.swift; path = Tests_macOSLaunchTests.swift; sourceTree = "<group>"; };
/* End PBXFileReference section */

/* Begin PBXFrameworksBuildPhase section */
		432EAC8D28AA136D0030EB74 /* Frameworks */ = {
			isa = PBXFrameworksBuildPhase;
			buildActionMask = 2147483647;
			files = (
			);
			runOnlyForDeploymentPostprocessing = 0;
		};
		432EAC9328AA136D0030EB74 /* Frameworks */ = {
			isa = PBXFrameworksBuildPhase;
			buildActionMask = 2147483647;
			files = (
			);
			runOnlyForDeploymentPostprocessing = 0;
		};
		432EAC9A28AA136D0030EB74 /* Frameworks */ = {
			isa = PBXFrameworksBuildPhase;
			buildActionMask = 2147483647;
			files = (
			);
			runOnlyForDeploymentPostprocessing = 0;
		};
		432EACA628AA136D0030EB74 /* Frameworks */ = {
			isa = PBXFrameworksBuildPhase;
			buildActionMask = 2147483647;
			files = (
			);
			runOnlyForDeploymentPostprocessing = 0;
		};
/* End PBXFrameworksBuildPhase section */

/* Begin PBXGroup section */
		432EAC8328AA136C0030EB74 = {
			isa = PBXGroup;
			children = (
				432EAC8828AA136C0030EB74 /* Shared */,
				432EAC9728AA136D0030EB74 /* macOS */,
				432EACA028AA136D0030EB74 /* Tests iOS */,
				432EACAC28AA136D0030EB74 /* Tests macOS */,
				432EAC9128AA136D0030EB74 /* Products */,
			);
			sourceTree = "<group>";
		};
		432EAC8828AA136C0030EB74 /* Shared */ = {
			isa = PBXGroup;
			children = (
				432EAC8928AA136C0030EB74 /* SwiftMotionInternalApp.swift */,
				432EAC8A28AA136C0030EB74 /* ContentView.swift */,
				432EAC8B28AA136C0030EB74 /* Assets.xcassets */,
			);
			path = Shared;
			sourceTree = "<group>";
		};
		432EAC9128AA136D0030EB74 /* Products */ = {
			isa = PBXGroup;
			children = (
				432EAC9028AA136D0030EB74 /* SwiftMotionInternal.app */,
				432EAC9628AA136D0030EB74 /* SwiftMotionInternal.app */,
				432EAC9D28AA136D0030EB74 /* Tests iOS.xctest */,
				432EACA928AA136D0030EB74 /* Tests macOS.xctest */,
			);
			name = Products;
			sourceTree = "<group>";
		};
		432EAC9728AA136D0030EB74 /* macOS */ = {
			isa = PBXGroup;
			children = (
				432EAC9828AA136D0030EB74 /* macOS.entitlements */,
			);
			path = macOS;
			sourceTree = "<group>";
		};
		432EACA028AA136D0030EB74 /* Tests iOS */ = {
			isa = PBXGroup;
			children = (
				432EACA128AA136D0030EB74 /* Tests_iOS.swift */,
				432EACA328AA136D0030EB74 /* Tests_iOSLaunchTests.swift */,
			);
			path = "Tests iOS";
			sourceTree = "<group>";
		};
		432EACAC28AA136D0030EB74 /* Tests macOS */ = {
			isa = PBXGroup;
			children = (
				432EACAD28AA136D0030EB74 /* Tests_macOS.swift */,
				432EACAF28AA136D0030EB74 /* Tests_macOSLaunchTests.swift */,
			);
			path = "Tests macOS";
			sourceTree = "<group>";
		};
/* End PBXGroup section */

/* Begin PBXNativeTarget section */
		432EAC8F28AA136D0030EB74 /* SwiftMotionInternal (iOS) */ = {
			isa = PBXNativeTarget;
			buildConfigurationList = 432EACB928AA136D0030EB74 /* Build configuration list for PBXNativeTarget "SwiftMotionInternal (iOS)" */;
			buildPhases = (
				432EAC8C28AA136D0030EB74 /* Sources */,
				432EAC8D28AA136D0030EB74 /* Frameworks */,
				432EAC8E28AA136D0030EB74 /* Resources */,
			);
			buildRules = (
			);
			dependencies = (
			);
			name = "SwiftMotionInternal (iOS)";
			productName = "SwiftMotionInternal (iOS)";
			productReference = 432EAC9028AA136D0030EB74 /* SwiftMotionInternal.app */;
			productType = "com.apple.product-type.application";
		};
		432EAC9528AA136D0030EB74 /* SwiftMotionInternal (macOS) */ = {
			isa = PBXNativeTarget;
			buildConfigurationList = 432EACBC28AA136D0030EB74 /* Build configuration list for PBXNativeTarget "SwiftMotionInternal (macOS)" */;
			buildPhases = (
				432EAC9228AA136D0030EB74 /* Sources */,
				432EAC9328AA136D0030EB74 /* Frameworks */,
				432EAC9428AA136D0030EB74 /* Resources */,
			);
			buildRules = (
			);
			dependencies = (
			);
			name = "SwiftMotionInternal (macOS)";
			productName = "SwiftMotionInternal (macOS)";
			productReference = 432EAC9628AA136D0030EB74 /* SwiftMotionInternal.app */;
			productType = "com.apple.product-type.application";
		};
		432EAC9C28AA136D0030EB74 /* Tests iOS */ = {
			isa = PBXNativeTarget;
			buildConfigurationList = 432EACBF28AA136D0030EB74 /* Build configuration list for PBXNativeTarget "Tests iOS" */;
			buildPhases = (
				432EAC9928AA136D0030EB74 /* Sources */,
				432EAC9A28AA136D0030EB74 /* Frameworks */,
				432EAC9B28AA136D0030EB74 /* Resources */,
			);
			buildRules = (
			);
			dependencies = (
				432EAC9F28AA136D0030EB74 /* PBXTargetDependency */,
			);
			name = "Tests iOS";
			productName = "Tests iOS";
			productReference = 432EAC9D28AA136D0030EB74 /* Tests iOS.xctest */;
			productType = "com.apple.product-type.bundle.ui-testing";
		};
		432EACA828AA136D0030EB74 /* Tests macOS */ = {
			isa = PBXNativeTarget;
			buildConfigurationList = 432EACC228AA136D0030EB74 /* Build configuration list for PBXNativeTarget "Tests macOS" */;
			buildPhases = (
				432EACA528AA136D0030EB74 /* Sources */,
				432EACA628AA136D0030EB74 /* Frameworks */,
				432EACA728AA136D0030EB74 /* Resources */,
			);
			buildRules = (
			);
			dependencies = (
				432EACAB28AA136D0030EB74 /* PBXTargetDependency */,
			);
			name = "Tests macOS";
			productName = "Tests macOS";
			productReference = 432EACA928AA136D0030EB74 /* Tests macOS.xctest */;
			productType = "com.apple.product-type.bundle.ui-testing";
		};
/* End PBXNativeTarget section */

/* Begin PBXProject section */
		432EAC8428AA136C0030EB74 /* Project object */ = {
			isa = PBXProject;
			attributes = {
				BuildIndependentTargetsInParallel = 1;
				LastSwiftUpdateCheck = 1340;
				LastUpgradeCheck = 1340;
				TargetAttributes = {
					432EAC8F28AA136D0030EB74 = {
						CreatedOnToolsVersion = 13.4.1;
					};
					432EAC9528AA136D0030EB74 = {
						CreatedOnToolsVersion = 13.4.1;
					};
					432EAC9C28AA136D0030EB74 = {
						CreatedOnToolsVersion = 13.4.1;
						TestTargetID = 432EAC8F28AA136D0030EB74;
					};
					432EACA828AA136D0030EB74 = {
						CreatedOnToolsVersion = 13.4.1;
						TestTargetID = 432EAC9528AA136D0030EB74;
					};
				};
			};
			buildConfigurationList = 432EAC8728AA136C0030EB74 /* Build configuration list for PBXProject "SwiftMotionInternal" */;
			compatibilityVersion = "Xcode 13.0";
			developmentRegion = en;
			hasScannedForEncodings = 0;
			knownRegions = (
				en,
				Base,
			);
			mainGroup = 432EAC8328AA136C0030EB74;
			productRefGroup = 432EAC9128AA136D0030EB74 /* Products */;
			projectDirPath = "";
			projectRoot = "";
			targets = (
				432EAC8F28AA136D0030EB74 /* SwiftMotionInternal (iOS) */,
				432EAC9528AA136D0030EB74 /* SwiftMotionInternal (macOS) */,
				432EAC9C28AA136D0030EB74 /* Tests iOS */,
				432EACA828AA136D0030EB74 /* Tests macOS */,
			);
		};
/* End PBXProject section */

/* Begin PBXResourcesBuildPhase section */
		432EAC8E28AA136D0030EB74 /* Resources */ = {
			isa = PBXResourcesBuildPhase;
			buildActionMask = 2147483647;
			files = (
				432EACB528AA136D0030EB74 /* Assets.xcassets in Resources */,
			);
			runOnlyForDeploymentPostprocessing = 0;
		};
		432EAC9428AA136D0030EB74 /* Resources */ = {
			isa = PBXResourcesBuildPhase;
			buildActionMask = 2147483647;
			files = (
				432EACB628AA136D0030EB74 /* Assets.xcassets in Resources */,
			);
			runOnlyForDeploymentPostprocessing = 0;
		};
		432EAC9B28AA136D0030EB74 /* Resources */ = {
			isa = PBXResourcesBuildPhase;
			buildActionMask = 2147483647;
			files = (
			);
			runOnlyForDeploymentPostprocessing = 0;
		};
		432EACA728AA136D0030EB74 /* Resources */ = {
			isa = PBXResourcesBuildPhase;
			buildActionMask = 2147483647;
			files = (
			);
			runOnlyForDeploymentPostprocessing = 0;
		};
/* End PBXResourcesBuildPhase section */

/* Begin PBXSourcesBuildPhase section */
		432EAC8C28AA136D0030EB74 /* Sources */ = {
			isa = PBXSourcesBuildPhase;
			buildActionMask = 2147483647;
			files = (
				432EACB328AA136D0030EB74 /* ContentView.swift in Sources */,
				432EACB128AA136D0030EB74 /* SwiftMotionInternalApp.swift in Sources */,
			);
			runOnlyForDeploymentPostprocessing = 0;
		};
		432EAC9228AA136D0030EB74 /* Sources */ = {
			isa = PBXSourcesBuildPhase;
			buildActionMask = 2147483647;
			files = (
				432EACB428AA136D0030EB74 /* ContentView.swift in Sources */,
				432EACB228AA136D0030EB74 /* SwiftMotionInternalApp.swift in Sources */,
			);
			runOnlyForDeploymentPostprocessing = 0;
		};
		432EAC9928AA136D0030EB74 /* Sources */ = {
			isa = PBXSourcesBuildPhase;
			buildActionMask = 2147483647;
			files = (
				432EACA428AA136D0030EB74 /* Tests_iOSLaunchTests.swift in Sources */,
				432EACA228AA136D0030EB74 /* Tests_iOS.swift in Sources */,
			);
			runOnlyForDeploymentPostprocessing = 0;
		};
		432EACA528AA136D0030EB74 /* Sources */ = {
			isa = PBXSourcesBuildPhase;
			buildActionMask = 2147483647;
			files = (
				432EACB028AA136D0030EB74 /* Tests_macOSLaunchTests.swift in Sources */,
				432EACAE28AA136D0030EB74 /* Tests_macOS.swift in Sources */,
			);
			runOnlyForDeploymentPostprocessing = 0;
		};
/* End PBXSourcesBuildPhase section */

/* Begin PBXTargetDependency section */
		432EAC9F28AA136D0030EB74 /* PBXTargetDependency */ = {
			isa = PBXTargetDependency;
			target = 432EAC8F28AA136D0030EB74 /* SwiftMotionInternal (iOS) */;
			targetProxy = 432EAC9E28AA136D0030EB74 /* PBXContainerItemProxy */;
		};
		432EACAB28AA136D0030EB74 /* PBXTargetDependency */ = {
			isa = PBXTargetDependency;
			target = 432EAC9528AA136D0030EB74 /* SwiftMotionInternal (macOS) */;
			targetProxy = 432EACAA28AA136D0030EB74 /* PBXContainerItemProxy */;
		};
/* End PBXTargetDependency section */

/* Begin XCBuildConfiguration section */
		432EACB728AA136D0030EB74 /* Debug */ = {
			isa = XCBuildConfiguration;
			buildSettings = {
				ALWAYS_SEARCH_USER_PATHS = NO;
				CLANG_ANALYZER_NONNULL = YES;
				CLANG_ANALYZER_NUMBER_OBJECT_CONVERSION = YES_AGGRESSIVE;
				CLANG_CXX_LANGUAGE_STANDARD = "gnu++17";
				CLANG_ENABLE_MODULES = YES;
				CLANG_ENABLE_OBJC_ARC = YES;
				CLANG_ENABLE_OBJC_WEAK = YES;
				CLANG_WARN_BLOCK_CAPTURE_AUTORELEASING = YES;
				CLANG_WARN_BOOL_CONVERSION = YES;
				CLANG_WARN_COMMA = YES;
				CLANG_WARN_CONSTANT_CONVERSION = YES;
				CLANG_WARN_DEPRECATED_OBJC_IMPLEMENTATIONS = YES;
				CLANG_WARN_DIRECT_OBJC_ISA_USAGE = YES_ERROR;
				CLANG_WARN_DOCUMENTATION_COMMENTS = YES;
				CLANG_WARN_EMPTY_BODY = YES;
				CLANG_WARN_ENUM_CONVERSION = YES;
				CLANG_WARN_INFINITE_RECURSION = YES;
				CLANG_WARN_INT_CONVERSION = YES;
				CLANG_WARN_NON_LITERAL_NULL_CONVERSION = YES;
				CLANG_WARN_OBJC_IMPLICIT_RETAIN_SELF = YES;
				CLANG_WARN_OBJC_LITERAL_CONVERSION = YES;
				CLANG_WARN_OBJC_ROOT_CLASS = YES_ERROR;
				CLANG_WARN_QUOTED_INCLUDE_IN_FRAMEWORK_HEADER = YES;
				CLANG_WARN_RANGE_LOOP_ANALYSIS = YES;
				CLANG_WARN_STRICT_PROTOTYPES = YES;
				CLANG_WARN_SUSPICIOUS_MOVE = YES;
				CLANG_WARN_UNGUARDED_AVAILABILITY = YES_AGGRESSIVE;
				CLANG_WARN_UNREACHABLE_CODE = YES;
				CLANG_WARN__DUPLICATE_METHOD_MATCH = YES;
				COPY_PHASE_STRIP = NO;
				DEBUG_INFORMATION_FORMAT = dwarf;
				ENABLE_STRICT_OBJC_MSGSEND = YES;
				ENABLE_TESTABILITY = YES;
				GCC_C_LANGUAGE_STANDARD = gnu11;
				GCC_DYNAMIC_NO_PIC = NO;
				GCC_NO_COMMON_BLOCKS = YES;
				GCC_OPTIMIZATION_LEVEL = 0;
				GCC_PREPROCESSOR_DEFINITIONS = (
					"DEBUG=1",
					"$(inherited)",
				);
				GCC_WARN_64_TO_32_BIT_CONVERSION = YES;
				GCC_WARN_ABOUT_RETURN_TYPE = YES_ERROR;
				GCC_WARN_UNDECLARED_SELECTOR = YES;
				GCC_WARN_UNINITIALIZED_AUTOS = YES_AGGRESSIVE;
				GCC_WARN_UNUSED_FUNCTION = YES;
				GCC_WARN_UNUSED_VARIABLE = YES;
				MTL_ENABLE_DEBUG_INFO = INCLUDE_SOURCE;
				MTL_FAST_MATH = YES;
				ONLY_ACTIVE_ARCH = YES;
				SWIFT_ACTIVE_COMPILATION_CONDITIONS = DEBUG;
				SWIFT_OPTIMIZATION_LEVEL = "-Onone";
			};
			name = Debug;
		};
		432EACB828AA136D0030EB74 /* Release */ = {
			isa = XCBuildConfiguration;
			buildSettings = {
				ALWAYS_SEARCH_USER_PATHS = NO;
				CLANG_ANALYZER_NONNULL = YES;
				CLANG_ANALYZER_NUMBER_OBJECT_CONVERSION = YES_AGGRESSIVE;
				CLANG_CXX_LANGUAGE_STANDARD = "gnu++17";
				CLANG_ENABLE_MODULES = YES;
				CLANG_ENABLE_OBJC_ARC = YES;
				CLANG_ENABLE_OBJC_WEAK = YES;
				CLANG_WARN_BLOCK_CAPTURE_AUTORELEASING = YES;
				CLANG_WARN_BOOL_CONVERSION = YES;
				CLANG_WARN_COMMA = YES;
				CLANG_WARN_CONSTANT_CONVERSION = YES;
				CLANG_WARN_DEPRECATED_OBJC_IMPLEMENTATIONS = YES;
				CLANG_WARN_DIRECT_OBJC_ISA_USAGE = YES_ERROR;
				CLANG_WARN_DOCUMENTATION_COMMENTS = YES;
				CLANG_WARN_EMPTY_BODY = YES;
				CLANG_WARN_ENUM_CONVERSION = YES;
				CLANG_WARN_INFINITE_RECURSION = YES;
				CLANG_WARN_INT_CONVERSION = YES;
				CLANG_WARN_NON_LITERAL_NULL_CONVERSION = YES;
				CLANG_WARN_OBJC_IMPLICIT_RETAIN_SELF = YES;
				CLANG_WARN_OBJC_LITERAL_CONVERSION = YES;
				CLANG_WARN_OBJC_ROOT_CLASS = YES_ERROR;
				CLANG_WARN_QUOTED_INCLUDE_IN_FRAMEWORK_HEADER = YES;
				CLANG_WARN_RANGE_LOOP_ANALYSIS = YES;
				CLANG_WARN_STRICT_PROTOTYPES = YES;
				CLANG_WARN_SUSPICIOUS_MOVE = YES;
				CLANG_WARN_UNGUARDED_AVAILABILITY = YES_AGGRESSIVE;
				CLANG_WARN_UNREACHABLE_CODE = YES;
				CLANG_WARN__DUPLICATE_METHOD_MATCH = YES;
				COPY_PHASE_STRIP = NO;
				DEBUG_INFORMATION_FORMAT = "dwarf-with-dsym";
				ENABLE_NS_ASSERTIONS = NO;
				ENABLE_STRICT_OBJC_MSGSEND = YES;
				GCC_C_LANGUAGE_STANDARD = gnu11;
				GCC_NO_COMMON_BLOCKS = YES;
				GCC_WARN_64_TO_32_BIT_CONVERSION = YES;
				GCC_WARN_ABOUT_RETURN_TYPE = YES_ERROR;
				GCC_WARN_UNDECLARED_SELECTOR = YES;
				GCC_WARN_UNINITIALIZED_AUTOS = YES_AGGRESSIVE;
				GCC_WARN_UNUSED_FUNCTION = YES;
				GCC_WARN_UNUSED_VARIABLE = YES;
				MTL_ENABLE_DEBUG_INFO = NO;
				MTL_FAST_MATH = YES;
				SWIFT_COMPILATION_MODE = wholemodule;
				SWIFT_OPTIMIZATION_LEVEL = "-O";
			};
			name = Release;
		};
		432EACBA28AA136D0030EB74 /* Debug */ = {
			isa = XCBuildConfiguration;
			buildSettings = {
				ASSETCATALOG_COMPILER_APPICON_NAME = AppIcon;
				ASSETCATALOG_COMPILER_GLOBAL_ACCENT_COLOR_NAME = AccentColor;
				CODE_SIGN_STYLE = Automatic;
				CURRENT_PROJECT_VERSION = 1;
				DEVELOPMENT_TEAM = 44P2G648DN;
				ENABLE_PREVIEWS = YES;
				GENERATE_INFOPLIST_FILE = YES;
				INFOPLIST_KEY_UIApplicationSceneManifest_Generation = YES;
				INFOPLIST_KEY_UIApplicationSupportsIndirectInputEvents = YES;
				INFOPLIST_KEY_UILaunchScreen_Generation = YES;
				INFOPLIST_KEY_UISupportedInterfaceOrientations_iPad = "UIInterfaceOrientationPortrait UIInterfaceOrientationPortraitUpsideDown UIInterfaceOrientationLandscapeLeft UIInterfaceOrientationLandscapeRight";
				INFOPLIST_KEY_UISupportedInterfaceOrientations_iPhone = "UIInterfaceOrientationPortrait UIInterfaceOrientationLandscapeLeft UIInterfaceOrientationLandscapeRight";
				IPHONEOS_DEPLOYMENT_TARGET = 15.5;
				LD_RUNPATH_SEARCH_PATHS = (
					"$(inherited)",
					"@executable_path/Frameworks",
				);
				MARKETING_VERSION = 1.0;
				PRODUCT_BUNDLE_IDENTIFIER = com.spe.SwiftMotionInternal;
				PRODUCT_NAME = SwiftMotionInternal;
				SDKROOT = iphoneos;
				SWIFT_EMIT_LOC_STRINGS = YES;
				SWIFT_VERSION = 5.0;
				TARGETED_DEVICE_FAMILY = "1,2";
			};
			name = Debug;
		};
		432EACBB28AA136D0030EB74 /* Release */ = {
			isa = XCBuildConfiguration;
			buildSettings = {
				ASSETCATALOG_COMPILER_APPICON_NAME = AppIcon;
				ASSETCATALOG_COMPILER_GLOBAL_ACCENT_COLOR_NAME = AccentColor;
				CODE_SIGN_STYLE = Automatic;
				CURRENT_PROJECT_VERSION = 1;
				DEVELOPMENT_TEAM = 44P2G648DN;
				ENABLE_PREVIEWS = YES;
				GENERATE_INFOPLIST_FILE = YES;
				INFOPLIST_KEY_UIApplicationSceneManifest_Generation = YES;
				INFOPLIST_KEY_UIApplicationSupportsIndirectInputEvents = YES;
				INFOPLIST_KEY_UILaunchScreen_Generation = YES;
				INFOPLIST_KEY_UISupportedInterfaceOrientations_iPad = "UIInterfaceOrientationPortrait UIInterfaceOrientationPortraitUpsideDown UIInterfaceOrientationLandscapeLeft UIInterfaceOrientationLandscapeRight";
				INFOPLIST_KEY_UISupportedInterfaceOrientations_iPhone = "UIInterfaceOrientationPortrait UIInterfaceOrientationLandscapeLeft UIInterfaceOrientationLandscapeRight";
				IPHONEOS_DEPLOYMENT_TARGET = 15.5;
				LD_RUNPATH_SEARCH_PATHS = (
					"$(inherited)",
					"@executable_path/Frameworks",
				);
				MARKETING_VERSION = 1.0;
				PRODUCT_BUNDLE_IDENTIFIER = com.spe.SwiftMotionInternal;
				PRODUCT_NAME = SwiftMotionInternal;
				SDKROOT = iphoneos;
				SWIFT_EMIT_LOC_STRINGS = YES;
				SWIFT_VERSION = 5.0;
				TARGETED_DEVICE_FAMILY = "1,2";
				VALIDATE_PRODUCT = YES;
			};
			name = Release;
		};
		432EACBD28AA136D0030EB74 /* Debug */ = {
			isa = XCBuildConfiguration;
			buildSettings = {
				ASSETCATALOG_COMPILER_APPICON_NAME = AppIcon;
				ASSETCATALOG_COMPILER_GLOBAL_ACCENT_COLOR_NAME = AccentColor;
				CODE_SIGN_ENTITLEMENTS = macOS/macOS.entitlements;
				CODE_SIGN_STYLE = Automatic;
				COMBINE_HIDPI_IMAGES = YES;
				CURRENT_PROJECT_VERSION = 1;
				DEVELOPMENT_TEAM = 44P2G648DN;
				ENABLE_HARDENED_RUNTIME = YES;
				ENABLE_PREVIEWS = YES;
				GENERATE_INFOPLIST_FILE = YES;
				INFOPLIST_KEY_NSHumanReadableCopyright = "";
				LD_RUNPATH_SEARCH_PATHS = (
					"$(inherited)",
					"@executable_path/../Frameworks",
				);
				MACOSX_DEPLOYMENT_TARGET = 12.3;
				MARKETING_VERSION = 1.0;
				PRODUCT_BUNDLE_IDENTIFIER = com.spe.SwiftMotionInternal;
				PRODUCT_NAME = SwiftMotionInternal;
				SDKROOT = macosx;
				SWIFT_EMIT_LOC_STRINGS = YES;
				SWIFT_VERSION = 5.0;
			};
			name = Debug;
		};
		432EACBE28AA136D0030EB74 /* Release */ = {
			isa = XCBuildConfiguration;
			buildSettings = {
				ASSETCATALOG_COMPILER_APPICON_NAME = AppIcon;
				ASSETCATALOG_COMPILER_GLOBAL_ACCENT_COLOR_NAME = AccentColor;
				CODE_SIGN_ENTITLEMENTS = macOS/macOS.entitlements;
				CODE_SIGN_STYLE = Automatic;
				COMBINE_HIDPI_IMAGES = YES;
				CURRENT_PROJECT_VERSION = 1;
				DEVELOPMENT_TEAM = 44P2G648DN;
				ENABLE_HARDENED_RUNTIME = YES;
				ENABLE_PREVIEWS = YES;
				GENERATE_INFOPLIST_FILE = YES;
				INFOPLIST_KEY_NSHumanReadableCopyright = "";
				LD_RUNPATH_SEARCH_PATHS = (
					"$(inherited)",
					"@executable_path/../Frameworks",
				);
				MACOSX_DEPLOYMENT_TARGET = 12.3;
				MARKETING_VERSION = 1.0;
				PRODUCT_BUNDLE_IDENTIFIER = com.spe.SwiftMotionInternal;
				PRODUCT_NAME = SwiftMotionInternal;
				SDKROOT = macosx;
				SWIFT_EMIT_LOC_STRINGS = YES;
				SWIFT_VERSION = 5.0;
			};
			name = Release;
		};
		432EACC028AA136D0030EB74 /* Debug */ = {
			isa = XCBuildConfiguration;
			buildSettings = {
				ALWAYS_EMBED_SWIFT_STANDARD_LIBRARIES = YES;
				CODE_SIGN_STYLE = Automatic;
				CURRENT_PROJECT_VERSION = 1;
				DEVELOPMENT_TEAM = 44P2G648DN;
				GENERATE_INFOPLIST_FILE = YES;
				IPHONEOS_DEPLOYMENT_TARGET = 15.5;
				MARKETING_VERSION = 1.0;
				PRODUCT_BUNDLE_IDENTIFIER = "com.spe.Tests-iOS";
				PRODUCT_NAME = "$(TARGET_NAME)";
				SDKROOT = iphoneos;
				SWIFT_EMIT_LOC_STRINGS = NO;
				SWIFT_VERSION = 5.0;
				TARGETED_DEVICE_FAMILY = "1,2";
				TEST_TARGET_NAME = "SwiftMotionInternal (iOS)";
			};
			name = Debug;
		};
		432EACC128AA136D0030EB74 /* Release */ = {
			isa = XCBuildConfiguration;
			buildSettings = {
				ALWAYS_EMBED_SWIFT_STANDARD_LIBRARIES = YES;
				CODE_SIGN_STYLE = Automatic;
				CURRENT_PROJECT_VERSION = 1;
				DEVELOPMENT_TEAM = 44P2G648DN;
				GENERATE_INFOPLIST_FILE = YES;
				IPHONEOS_DEPLOYMENT_TARGET = 15.5;
				MARKETING_VERSION = 1.0;
				PRODUCT_BUNDLE_IDENTIFIER = "com.spe.Tests-iOS";
				PRODUCT_NAME = "$(TARGET_NAME)";
				SDKROOT = iphoneos;
				SWIFT_EMIT_LOC_STRINGS = NO;
				SWIFT_VERSION = 5.0;
				TARGETED_DEVICE_FAMILY = "1,2";
				TEST_TARGET_NAME = "SwiftMotionInternal (iOS)";
				VALIDATE_PRODUCT = YES;
			};
			name = Release;
		};
		432EACC328AA136D0030EB74 /* Debug */ = {
			isa = XCBuildConfiguration;
			buildSettings = {
				ALWAYS_EMBED_SWIFT_STANDARD_LIBRARIES = YES;
				CODE_SIGN_STYLE = Automatic;
				CURRENT_PROJECT_VERSION = 1;
				DEVELOPMENT_TEAM = 44P2G648DN;
				GENERATE_INFOPLIST_FILE = YES;
				MACOSX_DEPLOYMENT_TARGET = 12.3;
				MARKETING_VERSION = 1.0;
				PRODUCT_BUNDLE_IDENTIFIER = "com.spe.Tests-macOS";
				PRODUCT_NAME = "$(TARGET_NAME)";
				SDKROOT = macosx;
				SWIFT_EMIT_LOC_STRINGS = NO;
				SWIFT_VERSION = 5.0;
				TEST_TARGET_NAME = "SwiftMotionInternal (macOS)";
			};
			name = Debug;
		};
		432EACC428AA136D0030EB74 /* Release */ = {
			isa = XCBuildConfiguration;
			buildSettings = {
				ALWAYS_EMBED_SWIFT_STANDARD_LIBRARIES = YES;
				CODE_SIGN_STYLE = Automatic;
				CURRENT_PROJECT_VERSION = 1;
				DEVELOPMENT_TEAM = 44P2G648DN;
				GENERATE_INFOPLIST_FILE = YES;
				MACOSX_DEPLOYMENT_TARGET = 12.3;
				MARKETING_VERSION = 1.0;
				PRODUCT_BUNDLE_IDENTIFIER = "com.spe.Tests-macOS";
				PRODUCT_NAME = "$(TARGET_NAME)";
				SDKROOT = macosx;
				SWIFT_EMIT_LOC_STRINGS = NO;
				SWIFT_VERSION = 5.0;
				TEST_TARGET_NAME = "SwiftMotionInternal (macOS)";
			};
			name = Release;
		};
/* End XCBuildConfiguration section */

/* Begin XCConfigurationList section */
		432EAC8728AA136C0030EB74 /* Build configuration list for PBXProject "SwiftMotionInternal" */ = {
			isa = XCConfigurationList;
			buildConfigurations = (
				432EACB728AA136D0030EB74 /* Debug */,
				432EACB828AA136D0030EB74 /* Release */,
			);
			defaultConfigurationIsVisible = 0;
			defaultConfigurationName = Release;
		};
		432EACB928AA136D0030EB74 /* Build configuration list for PBXNativeTarget "SwiftMotionInternal (iOS)" */ = {
			isa = XCConfigurationList;
			buildConfigurations = (
				432EACBA28AA136D0030EB74 /* Debug */,
				432EACBB28AA136D0030EB74 /* Release */,
			);
			defaultConfigurationIsVisible = 0;
			defaultConfigurationName = Release;
		};
		432EACBC28AA136D0030EB74 /* Build configuration list for PBXNativeTarget "SwiftMotionInternal (macOS)" */ = {
			isa = XCConfigurationList;
			buildConfigurations = (
				432EACBD28AA136D0030EB74 /* Debug */,
				432EACBE28AA136D0030EB74 /* Release */,
			);
			defaultConfigurationIsVisible = 0;
			defaultConfigurationName = Release;
		};
		432EACBF28AA136D0030EB74 /* Build configuration list for PBXNativeTarget "Tests iOS" */ = {
			isa = XCConfigurationList;
			buildConfigurations = (
				432EACC028AA136D0030EB74 /* Debug */,
				432EACC128AA136D0030EB74 /* Release */,
			);
			defaultConfigurationIsVisible = 0;
			defaultConfigurationName = Release;
		};
		432EACC228AA136D0030EB74 /* Build configuration list for PBXNativeTarget "Tests macOS" */ = {
			isa = XCConfigurationList;
			buildConfigurations = (
				432EACC328AA136D0030EB74 /* Debug */,
				432EACC428AA136D0030EB74 /* Release */,
			);
			defaultConfigurationIsVisible = 0;
			defaultConfigurationName = Release;
		};
/* End XCConfigurationList section */
	};
	rootObject = 432EAC8428AA136C0030EB74 /* Project object */;
}
